# THIS IS AN AUTOGENERATED FILE. DO NOT EDIT THIS FILE DIRECTLY.
# yarn lockfile v1


"@cspotcode/source-map-consumer@0.8.0":
  version "0.8.0"
  resolved "https://registry.yarnpkg.com/@cspotcode/source-map-consumer/-/source-map-consumer-0.8.0.tgz#33bf4b7b39c178821606f669bbc447a6a629786b"
  integrity sha512-41qniHzTU8yAGbCp04ohlmSrZf8bkf/iJsl3V0dRGsQN/5GFfx+LbCSsCpp2gqrqjTVg/K6O8ycoV35JIwAzAg==

"@cspotcode/source-map-support@0.7.0":
  version "0.7.0"
  resolved "https://registry.yarnpkg.com/@cspotcode/source-map-support/-/source-map-support-0.7.0.tgz#4789840aa859e46d2f3173727ab707c66bf344f5"
  integrity sha512-X4xqRHqN8ACt2aHVe51OxeA2HjbcL4MqFqXkrmQszJ1NOUuUu5u6Vqx/0lZSVNku7velL5FC/s5uEAj1lsBMhA==
  dependencies:
    "@cspotcode/source-map-consumer" "0.8.0"

"@discordjs/builders@^0.11.0":
  version "0.11.0"
  resolved "https://registry.yarnpkg.com/@discordjs/builders/-/builders-0.11.0.tgz#4102abe3e0cd093501f3f71931df43eb92f5b0cc"
  integrity sha512-ZTB8yJdJKrKlq44dpWkNUrAtEJEq0gqpb7ASdv4vmq6/mZal5kOv312hQ56I/vxwMre+VIkoHquNUAfnTbiYtg==
  dependencies:
    "@sindresorhus/is" "^4.2.0"
    discord-api-types "^0.26.0"
    ts-mixer "^6.0.0"
    tslib "^2.3.1"
    zod "^3.11.6"

"@discordjs/collection@^0.4.0":
  version "0.4.0"
  resolved "https://registry.yarnpkg.com/@discordjs/collection/-/collection-0.4.0.tgz#b6488286a1cc7b41b644d7e6086f25a1c1e6f837"
  integrity sha512-zmjq+l/rV35kE6zRrwe8BHqV78JvIh2ybJeZavBi5NySjWXqN3hmmAKg7kYMMXSeiWtSsMoZ/+MQi0DiQWy2lw==

"@ethersproject/abi@^5.5.0":
  version "5.5.0"
  resolved "https://registry.yarnpkg.com/@ethersproject/abi/-/abi-5.5.0.tgz#fb52820e22e50b854ff15ce1647cc508d6660613"
  integrity sha512-loW7I4AohP5KycATvc0MgujU6JyCHPqHdeoo9z3Nr9xEiNioxa65ccdm1+fsoJhkuhdRtfcL8cfyGamz2AxZ5w==
  dependencies:
    "@ethersproject/address" "^5.5.0"
    "@ethersproject/bignumber" "^5.5.0"
    "@ethersproject/bytes" "^5.5.0"
    "@ethersproject/constants" "^5.5.0"
    "@ethersproject/hash" "^5.5.0"
    "@ethersproject/keccak256" "^5.5.0"
    "@ethersproject/logger" "^5.5.0"
    "@ethersproject/properties" "^5.5.0"
    "@ethersproject/strings" "^5.5.0"

"@ethersproject/abstract-provider@^5.5.0":
  version "5.5.1"
  resolved "https://registry.yarnpkg.com/@ethersproject/abstract-provider/-/abstract-provider-5.5.1.tgz#2f1f6e8a3ab7d378d8ad0b5718460f85649710c5"
  integrity sha512-m+MA/ful6eKbxpr99xUYeRvLkfnlqzrF8SZ46d/xFB1A7ZVknYc/sXJG0RcufF52Qn2jeFj1hhcoQ7IXjNKUqg==
  dependencies:
    "@ethersproject/bignumber" "^5.5.0"
    "@ethersproject/bytes" "^5.5.0"
    "@ethersproject/logger" "^5.5.0"
    "@ethersproject/networks" "^5.5.0"
    "@ethersproject/properties" "^5.5.0"
    "@ethersproject/transactions" "^5.5.0"
    "@ethersproject/web" "^5.5.0"

"@ethersproject/abstract-signer@^5.5.0":
  version "5.5.0"
  resolved "https://registry.yarnpkg.com/@ethersproject/abstract-signer/-/abstract-signer-5.5.0.tgz#590ff6693370c60ae376bf1c7ada59eb2a8dd08d"
  integrity sha512-lj//7r250MXVLKI7sVarXAbZXbv9P50lgmJQGr2/is82EwEb8r7HrxsmMqAjTsztMYy7ohrIhGMIml+Gx4D3mA==
  dependencies:
    "@ethersproject/abstract-provider" "^5.5.0"
    "@ethersproject/bignumber" "^5.5.0"
    "@ethersproject/bytes" "^5.5.0"
    "@ethersproject/logger" "^5.5.0"
    "@ethersproject/properties" "^5.5.0"

"@ethersproject/address@^5.5.0":
  version "5.5.0"
  resolved "https://registry.yarnpkg.com/@ethersproject/address/-/address-5.5.0.tgz#bcc6f576a553f21f3dd7ba17248f81b473c9c78f"
  integrity sha512-l4Nj0eWlTUh6ro5IbPTgbpT4wRbdH5l8CQf7icF7sb/SI3Nhd9Y9HzhonTSTi6CefI0necIw7LJqQPopPLZyWw==
  dependencies:
    "@ethersproject/bignumber" "^5.5.0"
    "@ethersproject/bytes" "^5.5.0"
    "@ethersproject/keccak256" "^5.5.0"
    "@ethersproject/logger" "^5.5.0"
    "@ethersproject/rlp" "^5.5.0"

"@ethersproject/base64@^5.5.0":
  version "5.5.0"
  resolved "https://registry.yarnpkg.com/@ethersproject/base64/-/base64-5.5.0.tgz#881e8544e47ed976930836986e5eb8fab259c090"
  integrity sha512-tdayUKhU1ljrlHzEWbStXazDpsx4eg1dBXUSI6+mHlYklOXoXF6lZvw8tnD6oVaWfnMxAgRSKROg3cVKtCcppA==
  dependencies:
    "@ethersproject/bytes" "^5.5.0"

"@ethersproject/basex@^5.5.0":
  version "5.5.0"
  resolved "https://registry.yarnpkg.com/@ethersproject/basex/-/basex-5.5.0.tgz#e40a53ae6d6b09ab4d977bd037010d4bed21b4d3"
  integrity sha512-ZIodwhHpVJ0Y3hUCfUucmxKsWQA5TMnavp5j/UOuDdzZWzJlRmuOjcTMIGgHCYuZmHt36BfiSyQPSRskPxbfaQ==
  dependencies:
    "@ethersproject/bytes" "^5.5.0"
    "@ethersproject/properties" "^5.5.0"

"@ethersproject/bignumber@^5.5.0":
  version "5.5.0"
  resolved "https://registry.yarnpkg.com/@ethersproject/bignumber/-/bignumber-5.5.0.tgz#875b143f04a216f4f8b96245bde942d42d279527"
  integrity sha512-6Xytlwvy6Rn3U3gKEc1vP7nR92frHkv6wtVr95LFR3jREXiCPzdWxKQ1cx4JGQBXxcguAwjA8murlYN2TSiEbg==
  dependencies:
    "@ethersproject/bytes" "^5.5.0"
    "@ethersproject/logger" "^5.5.0"
    bn.js "^4.11.9"

"@ethersproject/bytes@^5.5.0":
  version "5.5.0"
  resolved "https://registry.yarnpkg.com/@ethersproject/bytes/-/bytes-5.5.0.tgz#cb11c526de657e7b45d2e0f0246fb3b9d29a601c"
  integrity sha512-ABvc7BHWhZU9PNM/tANm/Qx4ostPGadAuQzWTr3doklZOhDlmcBqclrQe/ZXUIj3K8wC28oYeuRa+A37tX9kog==
  dependencies:
    "@ethersproject/logger" "^5.5.0"

"@ethersproject/constants@^5.5.0":
  version "5.5.0"
  resolved "https://registry.yarnpkg.com/@ethersproject/constants/-/constants-5.5.0.tgz#d2a2cd7d94bd1d58377d1d66c4f53c9be4d0a45e"
  integrity sha512-2MsRRVChkvMWR+GyMGY4N1sAX9Mt3J9KykCsgUFd/1mwS0UH1qw+Bv9k1UJb3X3YJYFco9H20pjSlOIfCG5HYQ==
  dependencies:
    "@ethersproject/bignumber" "^5.5.0"

"@ethersproject/contracts@^5.5.0":
  version "5.5.0"
  resolved "https://registry.yarnpkg.com/@ethersproject/contracts/-/contracts-5.5.0.tgz#b735260d4bd61283a670a82d5275e2a38892c197"
  integrity sha512-2viY7NzyvJkh+Ug17v7g3/IJC8HqZBDcOjYARZLdzRxrfGlRgmYgl6xPRKVbEzy1dWKw/iv7chDcS83pg6cLxg==
  dependencies:
    "@ethersproject/abi" "^5.5.0"
    "@ethersproject/abstract-provider" "^5.5.0"
    "@ethersproject/abstract-signer" "^5.5.0"
    "@ethersproject/address" "^5.5.0"
    "@ethersproject/bignumber" "^5.5.0"
    "@ethersproject/bytes" "^5.5.0"
    "@ethersproject/constants" "^5.5.0"
    "@ethersproject/logger" "^5.5.0"
    "@ethersproject/properties" "^5.5.0"
    "@ethersproject/transactions" "^5.5.0"

"@ethersproject/hash@^5.5.0":
  version "5.5.0"
  resolved "https://registry.yarnpkg.com/@ethersproject/hash/-/hash-5.5.0.tgz#7cee76d08f88d1873574c849e0207dcb32380cc9"
  integrity sha512-dnGVpK1WtBjmnp3mUT0PlU2MpapnwWI0PibldQEq1408tQBAbZpPidkWoVVuNMOl/lISO3+4hXZWCL3YV7qzfg==
  dependencies:
    "@ethersproject/abstract-signer" "^5.5.0"
    "@ethersproject/address" "^5.5.0"
    "@ethersproject/bignumber" "^5.5.0"
    "@ethersproject/bytes" "^5.5.0"
    "@ethersproject/keccak256" "^5.5.0"
    "@ethersproject/logger" "^5.5.0"
    "@ethersproject/properties" "^5.5.0"
    "@ethersproject/strings" "^5.5.0"

"@ethersproject/keccak256@^5.5.0":
  version "5.5.0"
  resolved "https://registry.yarnpkg.com/@ethersproject/keccak256/-/keccak256-5.5.0.tgz#e4b1f9d7701da87c564ffe336f86dcee82983492"
  integrity sha512-5VoFCTjo2rYbBe1l2f4mccaRFN/4VQEYFwwn04aJV2h7qf4ZvI2wFxUE1XOX+snbwCLRzIeikOqtAoPwMza9kg==
  dependencies:
    "@ethersproject/bytes" "^5.5.0"
    js-sha3 "0.8.0"

"@ethersproject/logger@^5.5.0":
  version "5.5.0"
  resolved "https://registry.yarnpkg.com/@ethersproject/logger/-/logger-5.5.0.tgz#0c2caebeff98e10aefa5aef27d7441c7fd18cf5d"
  integrity sha512-rIY/6WPm7T8n3qS2vuHTUBPdXHl+rGxWxW5okDfo9J4Z0+gRRZT0msvUdIJkE4/HS29GUMziwGaaKO2bWONBrg==

"@ethersproject/networks@^5.5.0":
  version "5.5.2"
  resolved "https://registry.yarnpkg.com/@ethersproject/networks/-/networks-5.5.2.tgz#784c8b1283cd2a931114ab428dae1bd00c07630b"
  integrity sha512-NEqPxbGBfy6O3x4ZTISb90SjEDkWYDUbEeIFhJly0F7sZjoQMnj5KYzMSkMkLKZ+1fGpx00EDpHQCy6PrDupkQ==
  dependencies:
    "@ethersproject/logger" "^5.5.0"

"@ethersproject/properties@^5.5.0":
  version "5.5.0"
  resolved "https://registry.yarnpkg.com/@ethersproject/properties/-/properties-5.5.0.tgz#61f00f2bb83376d2071baab02245f92070c59995"
  integrity sha512-l3zRQg3JkD8EL3CPjNK5g7kMx4qSwiR60/uk5IVjd3oq1MZR5qUg40CNOoEJoX5wc3DyY5bt9EbMk86C7x0DNA==
  dependencies:
    "@ethersproject/logger" "^5.5.0"

"@ethersproject/providers@^5.5.0":
  version "5.5.3"
  resolved "https://registry.yarnpkg.com/@ethersproject/providers/-/providers-5.5.3.tgz#56c2b070542ac44eb5de2ed3cf6784acd60a3130"
  integrity sha512-ZHXxXXXWHuwCQKrgdpIkbzMNJMvs+9YWemanwp1fA7XZEv7QlilseysPvQe0D7Q7DlkJX/w/bGA1MdgK2TbGvA==
  dependencies:
    "@ethersproject/abstract-provider" "^5.5.0"
    "@ethersproject/abstract-signer" "^5.5.0"
    "@ethersproject/address" "^5.5.0"
    "@ethersproject/basex" "^5.5.0"
    "@ethersproject/bignumber" "^5.5.0"
    "@ethersproject/bytes" "^5.5.0"
    "@ethersproject/constants" "^5.5.0"
    "@ethersproject/hash" "^5.5.0"
    "@ethersproject/logger" "^5.5.0"
    "@ethersproject/networks" "^5.5.0"
    "@ethersproject/properties" "^5.5.0"
    "@ethersproject/random" "^5.5.0"
    "@ethersproject/rlp" "^5.5.0"
    "@ethersproject/sha2" "^5.5.0"
    "@ethersproject/strings" "^5.5.0"
    "@ethersproject/transactions" "^5.5.0"
    "@ethersproject/web" "^5.5.0"
    bech32 "1.1.4"
    ws "7.4.6"

"@ethersproject/random@^5.5.0":
  version "5.5.1"
  resolved "https://registry.yarnpkg.com/@ethersproject/random/-/random-5.5.1.tgz#7cdf38ea93dc0b1ed1d8e480ccdaf3535c555415"
  integrity sha512-YaU2dQ7DuhL5Au7KbcQLHxcRHfgyNgvFV4sQOo0HrtW3Zkrc9ctWNz8wXQ4uCSfSDsqX2vcjhroxU5RQRV0nqA==
  dependencies:
    "@ethersproject/bytes" "^5.5.0"
    "@ethersproject/logger" "^5.5.0"

"@ethersproject/rlp@^5.5.0":
  version "5.5.0"
  resolved "https://registry.yarnpkg.com/@ethersproject/rlp/-/rlp-5.5.0.tgz#530f4f608f9ca9d4f89c24ab95db58ab56ab99a0"
  integrity sha512-hLv8XaQ8PTI9g2RHoQGf/WSxBfTB/NudRacbzdxmst5VHAqd1sMibWG7SENzT5Dj3yZ3kJYx+WiRYEcQTAkcYA==
  dependencies:
    "@ethersproject/bytes" "^5.5.0"
    "@ethersproject/logger" "^5.5.0"

"@ethersproject/sha2@^5.5.0":
  version "5.5.0"
  resolved "https://registry.yarnpkg.com/@ethersproject/sha2/-/sha2-5.5.0.tgz#a40a054c61f98fd9eee99af2c3cc6ff57ec24db7"
  integrity sha512-B5UBoglbCiHamRVPLA110J+2uqsifpZaTmid2/7W5rbtYVz6gus6/hSDieIU/6gaKIDcOj12WnOdiymEUHIAOA==
  dependencies:
    "@ethersproject/bytes" "^5.5.0"
    "@ethersproject/logger" "^5.5.0"
    hash.js "1.1.7"

"@ethersproject/signing-key@^5.5.0":
  version "5.5.0"
  resolved "https://registry.yarnpkg.com/@ethersproject/signing-key/-/signing-key-5.5.0.tgz#2aa37169ce7e01e3e80f2c14325f624c29cedbe0"
  integrity sha512-5VmseH7qjtNmDdZBswavhotYbWB0bOwKIlOTSlX14rKn5c11QmJwGt4GHeo7NrL/Ycl7uo9AHvEqs5xZgFBTng==
  dependencies:
    "@ethersproject/bytes" "^5.5.0"
    "@ethersproject/logger" "^5.5.0"
    "@ethersproject/properties" "^5.5.0"
    bn.js "^4.11.9"
    elliptic "6.5.4"
    hash.js "1.1.7"

"@ethersproject/strings@^5.5.0":
  version "5.5.0"
  resolved "https://registry.yarnpkg.com/@ethersproject/strings/-/strings-5.5.0.tgz#e6784d00ec6c57710755699003bc747e98c5d549"
  integrity sha512-9fy3TtF5LrX/wTrBaT8FGE6TDJyVjOvXynXJz5MT5azq+E6D92zuKNx7i29sWW2FjVOaWjAsiZ1ZWznuduTIIQ==
  dependencies:
    "@ethersproject/bytes" "^5.5.0"
    "@ethersproject/constants" "^5.5.0"
    "@ethersproject/logger" "^5.5.0"

"@ethersproject/transactions@^5.5.0":
  version "5.5.0"
  resolved "https://registry.yarnpkg.com/@ethersproject/transactions/-/transactions-5.5.0.tgz#7e9bf72e97bcdf69db34fe0d59e2f4203c7a2908"
  integrity sha512-9RZYSKX26KfzEd/1eqvv8pLauCKzDTub0Ko4LfIgaERvRuwyaNV78mJs7cpIgZaDl6RJui4o49lHwwCM0526zA==
  dependencies:
    "@ethersproject/address" "^5.5.0"
    "@ethersproject/bignumber" "^5.5.0"
    "@ethersproject/bytes" "^5.5.0"
    "@ethersproject/constants" "^5.5.0"
    "@ethersproject/keccak256" "^5.5.0"
    "@ethersproject/logger" "^5.5.0"
    "@ethersproject/properties" "^5.5.0"
    "@ethersproject/rlp" "^5.5.0"
    "@ethersproject/signing-key" "^5.5.0"

"@ethersproject/web@^5.5.0":
  version "5.5.1"
  resolved "https://registry.yarnpkg.com/@ethersproject/web/-/web-5.5.1.tgz#cfcc4a074a6936c657878ac58917a61341681316"
  integrity sha512-olvLvc1CB12sREc1ROPSHTdFCdvMh0J5GSJYiQg2D0hdD4QmJDy8QYDb1CvoqD/bF1c++aeKv2sR5uduuG9dQg==
  dependencies:
    "@ethersproject/base64" "^5.5.0"
    "@ethersproject/bytes" "^5.5.0"
    "@ethersproject/logger" "^5.5.0"
    "@ethersproject/properties" "^5.5.0"
    "@ethersproject/strings" "^5.5.0"

"@sapphire/async-queue@^1.1.9":
  version "1.2.0"
  resolved "https://registry.yarnpkg.com/@sapphire/async-queue/-/async-queue-1.2.0.tgz#7a56afd318101d338433d7180ebd6af349243268"
  integrity sha512-O5ND5Ljpef86X5oy8zXorQ754TMjWALcPSAgPBu4+76HLtDTrNoDyzU2uGE2G4A8Wv51u0MXHzGQ0WZ4GMtpIw==

"@sindresorhus/is@^4.2.0":
  version "4.4.0"
  resolved "https://registry.yarnpkg.com/@sindresorhus/is/-/is-4.4.0.tgz#e277e5bdbdf7cb1e20d320f02f5e2ed113cd3185"
  integrity sha512-QppPM/8l3Mawvh4rn9CNEYIU9bxpXUCRMaX9yUpvBk1nMKusLKpfXGDEKExKaPhLzcn3lzil7pR6rnJ11HgeRQ==

"@stablelib/aead@^1.0.1":
  version "1.0.1"
  resolved "https://registry.yarnpkg.com/@stablelib/aead/-/aead-1.0.1.tgz#c4b1106df9c23d1b867eb9b276d8f42d5fc4c0c3"
  integrity sha512-q39ik6sxGHewqtO0nP4BuSe3db5G1fEJE8ukvngS2gLkBXyy6E7pLubhbYgnkDFv6V8cWaxcE4Xn0t6LWcJkyg==

"@stablelib/binary@^1.0.1":
  version "1.0.1"
  resolved "https://registry.yarnpkg.com/@stablelib/binary/-/binary-1.0.1.tgz#c5900b94368baf00f811da5bdb1610963dfddf7f"
  integrity sha512-ClJWvmL6UBM/wjkvv/7m5VP3GMr9t0osr4yVgLZsLCOz4hGN9gIAFEqnJ0TsSMAN+n840nf2cHZnA5/KFqHC7Q==
  dependencies:
    "@stablelib/int" "^1.0.1"

"@stablelib/bytes@^1.0.1":
  version "1.0.1"
  resolved "https://registry.yarnpkg.com/@stablelib/bytes/-/bytes-1.0.1.tgz#0f4aa7b03df3080b878c7dea927d01f42d6a20d8"
  integrity sha512-Kre4Y4kdwuqL8BR2E9hV/R5sOrUj6NanZaZis0V6lX5yzqC3hBuVSDXUIBqQv/sCpmuWRiHLwqiT1pqqjuBXoQ==

"@stablelib/chacha20poly1305@^1.0.1":
  version "1.0.1"
  resolved "https://registry.yarnpkg.com/@stablelib/chacha20poly1305/-/chacha20poly1305-1.0.1.tgz#de6b18e283a9cb9b7530d8767f99cde1fec4c2ee"
  integrity sha512-MmViqnqHd1ymwjOQfghRKw2R/jMIGT3wySN7cthjXCBdO+qErNPUBnRzqNpnvIwg7JBCg3LdeCZZO4de/yEhVA==
  dependencies:
    "@stablelib/aead" "^1.0.1"
    "@stablelib/binary" "^1.0.1"
    "@stablelib/chacha" "^1.0.1"
    "@stablelib/constant-time" "^1.0.1"
    "@stablelib/poly1305" "^1.0.1"
    "@stablelib/wipe" "^1.0.1"

"@stablelib/chacha@^1.0.1":
  version "1.0.1"
  resolved "https://registry.yarnpkg.com/@stablelib/chacha/-/chacha-1.0.1.tgz#deccfac95083e30600c3f92803a3a1a4fa761371"
  integrity sha512-Pmlrswzr0pBzDofdFuVe1q7KdsHKhhU24e8gkEwnTGOmlC7PADzLVxGdn2PoNVBBabdg0l/IfLKg6sHAbTQugg==
  dependencies:
    "@stablelib/binary" "^1.0.1"
    "@stablelib/wipe" "^1.0.1"

"@stablelib/constant-time@^1.0.1":
  version "1.0.1"
  resolved "https://registry.yarnpkg.com/@stablelib/constant-time/-/constant-time-1.0.1.tgz#bde361465e1cf7b9753061b77e376b0ca4c77e35"
  integrity sha512-tNOs3uD0vSJcK6z1fvef4Y+buN7DXhzHDPqRLSXUel1UfqMB1PWNsnnAezrKfEwTLpN0cGH2p9NNjs6IqeD0eg==

"@stablelib/ed25519@^1.0.2":
  version "1.0.2"
  resolved "https://registry.yarnpkg.com/@stablelib/ed25519/-/ed25519-1.0.2.tgz#937a88a2f73a71d9bdc3ea276efe8954776ae0f4"
  integrity sha512-FtnvUwvKbp6l1dNcg4CswMAVFVu/nzLK3oC7/PRtjYyHbWsIkD8j+5cjXHmwcCpdCpRCaTGACkEhhMQ1RcdSOQ==
  dependencies:
    "@stablelib/random" "^1.0.1"
    "@stablelib/sha512" "^1.0.1"
    "@stablelib/wipe" "^1.0.1"

"@stablelib/hash@^1.0.1":
  version "1.0.1"
  resolved "https://registry.yarnpkg.com/@stablelib/hash/-/hash-1.0.1.tgz#3c944403ff2239fad8ebb9015e33e98444058bc5"
  integrity sha512-eTPJc/stDkdtOcrNMZ6mcMK1e6yBbqRBaNW55XA1jU8w/7QdnCF0CmMmOD1m7VSkBR44PWrMHU2l6r8YEQHMgg==

"@stablelib/int@^1.0.1":
  version "1.0.1"
  resolved "https://registry.yarnpkg.com/@stablelib/int/-/int-1.0.1.tgz#75928cc25d59d73d75ae361f02128588c15fd008"
  integrity sha512-byr69X/sDtDiIjIV6m4roLVWnNNlRGzsvxw+agj8CIEazqWGOQp2dTYgQhtyVXV9wpO6WyXRQUzLV/JRNumT2w==

"@stablelib/keyagreement@^1.0.1":
  version "1.0.1"
  resolved "https://registry.yarnpkg.com/@stablelib/keyagreement/-/keyagreement-1.0.1.tgz#4612efb0a30989deb437cd352cee637ca41fc50f"
  integrity sha512-VKL6xBwgJnI6l1jKrBAfn265cspaWBPAPEc62VBQrWHLqVgNRE09gQ/AnOEyKUWrrqfD+xSQ3u42gJjLDdMDQg==
  dependencies:
    "@stablelib/bytes" "^1.0.1"

"@stablelib/poly1305@^1.0.1":
  version "1.0.1"
  resolved "https://registry.yarnpkg.com/@stablelib/poly1305/-/poly1305-1.0.1.tgz#93bfb836c9384685d33d70080718deae4ddef1dc"
  integrity sha512-1HlG3oTSuQDOhSnLwJRKeTRSAdFNVB/1djy2ZbS35rBSJ/PFqx9cf9qatinWghC2UbfOYD8AcrtbUQl8WoxabA==
  dependencies:
    "@stablelib/constant-time" "^1.0.1"
    "@stablelib/wipe" "^1.0.1"

"@stablelib/random@^1.0.1":
  version "1.0.1"
  resolved "https://registry.yarnpkg.com/@stablelib/random/-/random-1.0.1.tgz#4357a00cb1249d484a9a71e6054bc7b8324a7009"
  integrity sha512-zOh+JHX3XG9MSfIB0LZl/YwPP9w3o6WBiJkZvjPoKKu5LKFW4OLV71vMxWp9qG5T43NaWyn0QQTWgqCdO+yOBQ==
  dependencies:
    "@stablelib/binary" "^1.0.1"
    "@stablelib/wipe" "^1.0.1"

"@stablelib/sha256@^1.0.1":
  version "1.0.1"
  resolved "https://registry.yarnpkg.com/@stablelib/sha256/-/sha256-1.0.1.tgz#77b6675b67f9b0ea081d2e31bda4866297a3ae4f"
  integrity sha512-GIIH3e6KH+91FqGV42Kcj71Uefd/QEe7Dy42sBTeqppXV95ggCcxLTk39bEr+lZfJmp+ghsR07J++ORkRELsBQ==
  dependencies:
    "@stablelib/binary" "^1.0.1"
    "@stablelib/hash" "^1.0.1"
    "@stablelib/wipe" "^1.0.1"

"@stablelib/sha512@^1.0.1":
  version "1.0.1"
  resolved "https://registry.yarnpkg.com/@stablelib/sha512/-/sha512-1.0.1.tgz#6da700c901c2c0ceacbd3ae122a38ac57c72145f"
  integrity sha512-13gl/iawHV9zvDKciLo1fQ8Bgn2Pvf7OV6amaRVKiq3pjQ3UmEpXxWiAfV8tYjUpeZroBxtyrwtdooQT/i3hzw==
  dependencies:
    "@stablelib/binary" "^1.0.1"
    "@stablelib/hash" "^1.0.1"
    "@stablelib/wipe" "^1.0.1"

"@stablelib/wipe@^1.0.1":
  version "1.0.1"
  resolved "https://registry.yarnpkg.com/@stablelib/wipe/-/wipe-1.0.1.tgz#d21401f1d59ade56a62e139462a97f104ed19a36"
  integrity sha512-WfqfX/eXGiAd3RJe4VU2snh/ZPwtSjLG4ynQ/vYzvghTh7dHFcI1wl+nrkWG6lGhukOxOsUHfv8dUXr58D0ayg==

"@stablelib/x25519@^1.0.1":
  version "1.0.1"
  resolved "https://registry.yarnpkg.com/@stablelib/x25519/-/x25519-1.0.1.tgz#bcd6132ac4dd94f28f1479e228c85b3468d6ed27"
  integrity sha512-nmyUI2ZArxYDh1PhdoSCPEtlTYE0DYugp2qqx8OtjrX3Hmh7boIlDsD0X71ihAxzxqJf3TyQqN/p58ToWhnp+Q==
  dependencies:
    "@stablelib/keyagreement" "^1.0.1"
    "@stablelib/random" "^1.0.1"
    "@stablelib/wipe" "^1.0.1"

"@stablelib/xchacha20@^1.0.1":
  version "1.0.1"
  resolved "https://registry.yarnpkg.com/@stablelib/xchacha20/-/xchacha20-1.0.1.tgz#e98808d1f7d8b20e3ff37c71a3062a2a955d9a8c"
  integrity sha512-1YkiZnFF4veUwBVhDnDYwo6EHeKzQK4FnLiO7ezCl/zu64uG0bCCAUROJaBkaLH+5BEsO3W7BTXTguMbSLlWSw==
  dependencies:
    "@stablelib/binary" "^1.0.1"
    "@stablelib/chacha" "^1.0.1"
    "@stablelib/wipe" "^1.0.1"

"@stablelib/xchacha20poly1305@^1.0.1":
  version "1.0.1"
  resolved "https://registry.yarnpkg.com/@stablelib/xchacha20poly1305/-/xchacha20poly1305-1.0.1.tgz#addcaf30b92dd956f76b3357888e2f91b92e7a61"
  integrity sha512-B1Abj0sMJ8h3HNmGnJ7vHBrAvxuNka6cJJoZ1ILN7iuacXp7sUYcgOVEOTLWj+rtQMpspY9tXSCRLPmN1mQNWg==
  dependencies:
    "@stablelib/aead" "^1.0.1"
    "@stablelib/chacha20poly1305" "^1.0.1"
    "@stablelib/constant-time" "^1.0.1"
    "@stablelib/wipe" "^1.0.1"
    "@stablelib/xchacha20" "^1.0.1"

"@tsconfig/node10@^1.0.7":
  version "1.0.8"
  resolved "https://registry.yarnpkg.com/@tsconfig/node10/-/node10-1.0.8.tgz#c1e4e80d6f964fbecb3359c43bd48b40f7cadad9"
  integrity sha512-6XFfSQmMgq0CFLY1MslA/CPUfhIL919M1rMsa5lP2P097N2Wd1sSX0tx1u4olM16fLNhtHZpRhedZJphNJqmZg==

"@tsconfig/node12@^1.0.7":
  version "1.0.9"
  resolved "https://registry.yarnpkg.com/@tsconfig/node12/-/node12-1.0.9.tgz#62c1f6dee2ebd9aead80dc3afa56810e58e1a04c"
  integrity sha512-/yBMcem+fbvhSREH+s14YJi18sp7J9jpuhYByADT2rypfajMZZN4WQ6zBGgBKp53NKmqI36wFYDb3yaMPurITw==

"@tsconfig/node14@^1.0.0":
  version "1.0.1"
  resolved "https://registry.yarnpkg.com/@tsconfig/node14/-/node14-1.0.1.tgz#95f2d167ffb9b8d2068b0b235302fafd4df711f2"
  integrity sha512-509r2+yARFfHHE7T6Puu2jjkoycftovhXRqW328PDXTVGKihlb1P8Z9mMZH04ebyajfRY7dedfGynlrFHJUQCg==

"@tsconfig/node16@^1.0.2":
  version "1.0.2"
  resolved "https://registry.yarnpkg.com/@tsconfig/node16/-/node16-1.0.2.tgz#423c77877d0569db20e1fc80885ac4118314010e"
  integrity sha512-eZxlbI8GZscaGS7kkc/trHTT5xgrjH3/1n2JDwusC9iahPKWMRvRjJSAN5mCXviuTGQ/lHnhvv8Q1YTpnfz9gA==

"@types/node-fetch@^2.5.12":
  version "2.5.12"
  resolved "https://registry.yarnpkg.com/@types/node-fetch/-/node-fetch-2.5.12.tgz#8a6f779b1d4e60b7a57fb6fd48d84fb545b9cc66"
  integrity sha512-MKgC4dlq4kKNa/mYrwpKfzQMB5X3ee5U6fSprkKpToBqBmX4nFZL9cW5jl6sWn+xpRJ7ypWh2yyqqr8UUCstSw==
  dependencies:
    "@types/node" "*"
    form-data "^3.0.0"

"@types/node@*":
  version "17.0.14"
  resolved "https://registry.yarnpkg.com/@types/node/-/node-17.0.14.tgz#33b9b94f789a8fedd30a68efdbca4dbb06b61f20"
  integrity sha512-SbjLmERksKOGzWzPNuW7fJM7fk3YXVTFiZWB/Hs99gwhk+/dnrQRPBQjPW9aO+fi1tAffi9PrwFvsmOKmDTyng==

"@types/ws@^8.2.2":
  version "8.2.2"
  resolved "https://registry.yarnpkg.com/@types/ws/-/ws-8.2.2.tgz#7c5be4decb19500ae6b3d563043cd407bf366c21"
  integrity sha512-NOn5eIcgWLOo6qW8AcuLZ7G8PycXu0xTxxkS6Q18VWFxgPUSOwV0pBj2a/4viNZVu25i7RIB7GttdkAIUUXOOg==
  dependencies:
    "@types/node" "*"

"@veramo/core@^3.1.0":
  version "3.1.0"
  resolved "https://registry.yarnpkg.com/@veramo/core/-/core-3.1.0.tgz#668023eee807b4e4d1678851b2f8270b1d05df6f"
  integrity sha512-gy7Z+GZayt/b3Oy/uAkXnXLdHjs5pjB8Q4nMM7yTnvQKhyJGjYBgpRpuy54D0TCRzjU8DxQEhXjPmI+9GGReRg==
  dependencies:
    debug "^4.1.1"
    did-jwt-vc "2.1.7"
    events "^3.2.0"
    z-schema "^5.0.0"

"@veramo/credential-w3c@^3.1.0":
  version "3.1.0"
  resolved "https://registry.yarnpkg.com/@veramo/credential-w3c/-/credential-w3c-3.1.0.tgz#bbbd9f05ce86dc9e100b98225b505b272ebe3ef9"
  integrity sha512-n2zMEqn9jgUjlrD/W1tV0tVuXrqL0d8+2pHgquwLj9S4lbc98VswK01G/23KsdNtyopXq/Cq5xOZ0yjOHMHuVw==
  dependencies:
    "@veramo/core" "^3.1.0"
    "@veramo/did-jwt" "^3.1.0"
    "@veramo/did-resolver" "^3.1.0"
    "@veramo/message-handler" "^3.1.0"
    blakejs "^1.1.0"
    debug "^4.1.1"
    did-jwt-vc "2.1.7"
    did-resolver "3.1.3"

"@veramo/did-jwt@^3.1.0":
  version "3.1.0"
  resolved "https://registry.yarnpkg.com/@veramo/did-jwt/-/did-jwt-3.1.0.tgz#a928187b4b413f98f54f0230c9659bd57226868d"
  integrity sha512-YX7hROsnQPG0MLfcYRdM6VrZ7gqNPEGkNEme45bMhtn0hNNneoI8AoaVNv33KlpPZ/1YComjoNMsdw4Vfjqm4g==
  dependencies:
    "@veramo/core" "^3.1.0"
    "@veramo/message-handler" "^3.1.0"
    debug "^4.1.1"
    did-jwt "5.11.1"
    did-resolver "3.1.3"

"@veramo/did-resolver@^3.1.0":
  version "3.1.0"
  resolved "https://registry.yarnpkg.com/@veramo/did-resolver/-/did-resolver-3.1.0.tgz#3f832ed3d519660c70a29cd1ce75f9427efa65f3"
  integrity sha512-yXO3EGDwnf8hVjM1dpqBnvfN3mbRJzzZt79uVW/KMHqycQVodEGm7HOOw4qkSpjmooMZlyXMHLi0eWyyeRC5KQ==
  dependencies:
    "@veramo/core" "^3.1.0"
    cross-fetch "^3.1.4"
    debug "^4.1.1"

"@veramo/message-handler@^3.1.0":
  version "3.1.0"
  resolved "https://registry.yarnpkg.com/@veramo/message-handler/-/message-handler-3.1.0.tgz#15d5eb1d8b68537e4e61d838812febcdff4bb4ad"
  integrity sha512-OZTQMK7Cq0S8U1DnxwVeGLISkvfA2MRSuEXwZN/XjXVW/2phgpNazthQr4YrFz+qM+yCVB987U25H5+0cDd0UA==
  dependencies:
    "@veramo/core" "^3.1.0"

"@veramo/url-handler@^3.1.0":
  version "3.1.0"
  resolved "https://registry.yarnpkg.com/@veramo/url-handler/-/url-handler-3.1.0.tgz#d0a9bef67b307843a29499535df6ad98c95e9173"
  integrity sha512-Y7Qidcwaoa+kCfklP3vg3u/4cOEMTeYjQYvbrnY4kdf5QghLtuteyZPuuragFf9e89g05k8t8TxZJHmBnILabw==
  dependencies:
    "@veramo/core" "^3.1.0"
    "@veramo/message-handler" "^3.1.0"
    debug "^4.1.1"
    url-parse "^1.5.1"

acorn-walk@^8.1.1:
  version "8.2.0"
  resolved "https://registry.yarnpkg.com/acorn-walk/-/acorn-walk-8.2.0.tgz#741210f2e2426454508853a2f44d0ab83b7f69c1"
  integrity sha512-k+iyHEuPgSw6SbuDpGQM+06HQUa04DZ3o+F6CSzXMvvI5KMvnaEqXe+YVe555R9nn6GPt404fos4wcgpw12SDA==

acorn@^8.4.1:
  version "8.7.0"
  resolved "https://registry.yarnpkg.com/acorn/-/acorn-8.7.0.tgz#90951fde0f8f09df93549481e5fc141445b791cf"
  integrity sha512-V/LGr1APy+PXIwKebEWrkZPwoeoF+w1jiOBUmuxuiUIaOHtob8Qc9BTrYo7VuI5fR8tqsy+buA2WFooR5olqvQ==

arg@^4.1.0:
  version "4.1.3"
  resolved "https://registry.yarnpkg.com/arg/-/arg-4.1.3.tgz#269fc7ad5b8e42cb63c896d5666017261c144089"
  integrity sha512-58S9QDqG0Xx27YwPSt9fJxivjYl432YCwfDMfZ+71RAqUrZef7LrKQZ3LHLOwCS4FLNBplP533Zx895SeOCHvA==

asynckit@^0.4.0:
  version "0.4.0"
  resolved "https://registry.yarnpkg.com/asynckit/-/asynckit-0.4.0.tgz#c79ed97f7f34cb8f2ba1bc9790bcc366474b4b79"
  integrity sha1-x57Zf380y48robyXkLzDZkdLS3k=

bech32@1.1.4:
  version "1.1.4"
  resolved "https://registry.yarnpkg.com/bech32/-/bech32-1.1.4.tgz#e38c9f37bf179b8eb16ae3a772b40c356d4832e9"
  integrity sha512-s0IrSOzLlbvX7yp4WBfPITzpAU8sqQcpsmwXDiKwrG4r491vwCO/XpejasRNl0piBMe/DvP4Tz0mIS/X1DPJBQ==

bech32@^2.0.0:
  version "2.0.0"
  resolved "https://registry.yarnpkg.com/bech32/-/bech32-2.0.0.tgz#078d3686535075c8c79709f054b1b226a133b355"
  integrity sha512-LcknSilhIGatDAsY1ak2I8VtGaHNhgMSYVxFrGLXv+xLHytaKZKcaUJJUE7qmBr7h33o5YQwP55pMI0xmkpJwg==

blakejs@^1.1.0:
  version "1.1.1"
  resolved "https://registry.yarnpkg.com/blakejs/-/blakejs-1.1.1.tgz#bf313053978b2cd4c444a48795710be05c785702"
  integrity sha512-bLG6PHOCZJKNshTjGRBvET0vTciwQE6zFKOKKXPDJfwFBd4Ac0yBfPZqcGvGJap50l7ktvlpFqc2jGVaUgbJgg==

bn.js@^4.11.9:
  version "4.12.0"
  resolved "https://registry.yarnpkg.com/bn.js/-/bn.js-4.12.0.tgz#775b3f278efbb9718eec7361f483fb36fbbfea88"
  integrity sha512-c98Bf3tPniI+scsdk237ku1Dc3ujXQTSgyiPUDEOe7tRkhrqridvh8klBv0HCEso1OLOYcHuCv/cS6DNxKH+ZA==

brorand@^1.1.0:
  version "1.1.0"
  resolved "https://registry.yarnpkg.com/brorand/-/brorand-1.1.0.tgz#12c25efe40a45e3c323eb8675a0a0ce57b22371f"
  integrity sha1-EsJe/kCkXjwyPrhnWgoM5XsiNx8=

canonicalize@^1.0.5:
  version "1.0.8"
  resolved "https://registry.yarnpkg.com/canonicalize/-/canonicalize-1.0.8.tgz#24d1f1a00ed202faafd9bf8e63352cd4450c6df1"
  integrity sha512-0CNTVCLZggSh7bc5VkX5WWPWO+cyZbNd07IHIsSXLia/eAq+r836hgk+8BKoEh7949Mda87VUOitx5OddVj64A==

combined-stream@^1.0.8:
  version "1.0.8"
  resolved "https://registry.yarnpkg.com/combined-stream/-/combined-stream-1.0.8.tgz#c3d45a8b34fd730631a110a8a2520682b31d5a7f"
  integrity sha512-FQN4MRfuJeHf7cBbBMJFXhKSDq+2kAArBlmRBvcvFE5BB1HZKXtSFASDhdlz9zOYwxh8lDdnvmMOe/+5cdoEdg==
  dependencies:
    delayed-stream "~1.0.0"

commander@^2.7.1:
  version "2.20.3"
  resolved "https://registry.yarnpkg.com/commander/-/commander-2.20.3.tgz#fd485e84c03eb4881c20722ba48035e8531aeb33"
  integrity sha512-GpVkmM8vF2vQUkj2LvZmD35JxeJOLCwJ9cUkugyk2nuhbv3+mJvpLYYt+0+USMxE+oj+ey/lJEnhZw75x/OMcQ==

create-require@^1.1.0:
  version "1.1.1"
  resolved "https://registry.yarnpkg.com/create-require/-/create-require-1.1.1.tgz#c1d7e8f1e5f6cfc9ff65f9cd352d37348756c333"
  integrity sha512-dcKFX3jn0MpIaXjisoRvexIJVEKzaq7z2rZKxf+MSr9TkdmHmsU4m2lcLojrj/FHl8mk5VxMmYA+ftRkP/3oKQ==

cross-fetch@^3.1.2, cross-fetch@^3.1.4:
  version "3.1.5"
  resolved "https://registry.yarnpkg.com/cross-fetch/-/cross-fetch-3.1.5.tgz#e1389f44d9e7ba767907f7af8454787952ab534f"
  integrity sha512-lvb1SBsI0Z7GDwmuid+mU3kWVBwTVUbe7S0H52yaaAdQOXq2YktTCZdlAcNKFzE6QtRz0snpw9bNiPeOIkkQvw==
  dependencies:
    node-fetch "2.6.7"

debug@^4.1.1:
  version "4.3.3"
  resolved "https://registry.yarnpkg.com/debug/-/debug-4.3.3.tgz#04266e0b70a98d4462e6e288e38259213332b664"
  integrity sha512-/zxw5+vh1Tfv+4Qn7a5nsbcJKPaSvCDhojn6FEl9vupwK2VCSDtEiEtqr8DFtzYFOdz63LBkxec7DYuc2jon6Q==
  dependencies:
    ms "2.1.2"

delayed-stream@~1.0.0:
  version "1.0.0"
  resolved "https://registry.yarnpkg.com/delayed-stream/-/delayed-stream-1.0.0.tgz#df3ae199acadfb7d440aaae0b29e2272b24ec619"
  integrity sha1-3zrhmayt+31ECqrgsp4icrJOxhk=

did-jwt-vc@2.1.7:
  version "2.1.7"
  resolved "https://registry.yarnpkg.com/did-jwt-vc/-/did-jwt-vc-2.1.7.tgz#c9bf69cdf86f3e46db30344eb5d1e6cbada9164b"
  integrity sha512-MSuoy2yVRqlF4viGjtUzDmFBfxercwgUwIY+rs3swnyU7RmeZ5Iwp5TBhStIy3ro+BIQEPtXtp1xlcbATJW1iA==
  dependencies:
    did-jwt "^5.7.0"
    did-resolver "^3.1.0"

did-jwt@5.11.1:
  version "5.11.1"
  resolved "https://registry.yarnpkg.com/did-jwt/-/did-jwt-5.11.1.tgz#d7202dc1bfe067e2b3f7378b2346aee5ced9c9ea"
  integrity sha512-2ObDArhxUP/hgkc1j/yelP8z4hOSUC3vnepUvpcwMXxYLYgiyR0BkidCmYmj3Mgj4BS/5cYhLBFlpaaQt4kAFA==
  dependencies:
    "@stablelib/ed25519" "^1.0.2"
    "@stablelib/random" "^1.0.1"
    "@stablelib/sha256" "^1.0.1"
    "@stablelib/x25519" "^1.0.1"
    "@stablelib/xchacha20poly1305" "^1.0.1"
    bech32 "^2.0.0"
    canonicalize "^1.0.5"
    did-resolver "^3.1.3"
    elliptic "^6.5.4"
    js-sha3 "^0.8.0"
    multiformats "^9.4.10"
    uint8arrays "^3.0.0"

did-jwt@^5.7.0:
  version "5.12.4"
  resolved "https://registry.yarnpkg.com/did-jwt/-/did-jwt-5.12.4.tgz#6357a550173b7155f2e5cf3b8ea3f8e8be180617"
  integrity sha512-rFY7yIlE/79zB648Drn9vLiM+F4+3IzRkFvBcHelZqQmnPy037U9VWeeP/f2PlnQKgW5qbYXVJR5KftLfo58TA==
  dependencies:
    "@stablelib/ed25519" "^1.0.2"
    "@stablelib/random" "^1.0.1"
    "@stablelib/sha256" "^1.0.1"
    "@stablelib/x25519" "^1.0.1"
    "@stablelib/xchacha20poly1305" "^1.0.1"
    bech32 "^2.0.0"
    canonicalize "^1.0.5"
    did-resolver "^3.1.5"
    elliptic "^6.5.4"
    js-sha3 "^0.8.0"
    multiformats "^9.4.10"
    uint8arrays "^3.0.0"

did-resolver@3.1.3:
  version "3.1.3"
  resolved "https://registry.yarnpkg.com/did-resolver/-/did-resolver-3.1.3.tgz#ed530c9daa2c9925f85e9eabf258e51960db7e70"
  integrity sha512-ab8y90tSiDkTdfddXRC9Qcb1QSd568aC6+OgFTrcE4rs1vQAZOil+VqXHDu+Ff/UvhxlckPO8oJtp86iICZG0w==

did-resolver@^3.1.0, did-resolver@^3.1.3, did-resolver@^3.1.5:
  version "3.1.5"
  resolved "https://registry.yarnpkg.com/did-resolver/-/did-resolver-3.1.5.tgz#1a82a00fa96d64085676183bff40ebc13c88cd6a"
  integrity sha512-/4lM1vK5osnWVZ2oN9QhlWV5xOwssuLSL1MvueBc8LQWotbD5kM9XQMe7h4GydYpbh3JaWMFkOWwc9jvSZ+qgg==

diff@^4.0.1:
  version "4.0.2"
  resolved "https://registry.yarnpkg.com/diff/-/diff-4.0.2.tgz#60f3aecb89d5fae520c11aa19efc2bb982aade7d"
  integrity sha512-58lmxKSA4BNyLz+HHMUzlOEpg09FV+ev6ZMe3vJihgdxzgcwZ8VoEEPmALCZG9LmqfVoNMMKpttIYTVG6uDY7A==

discord-api-types@^0.26.0:
  version "0.26.1"
  resolved "https://registry.yarnpkg.com/discord-api-types/-/discord-api-types-0.26.1.tgz#726f766ddc37d60da95740991d22cb6ef2ed787b"
  integrity sha512-T5PdMQ+Y1MEECYMV5wmyi9VEYPagEDEi4S0amgsszpWY0VB9JJ/hEvM6BgLhbdnKky4gfmZEXtEEtojN8ZKJQQ==

discord.js@^13.6.0:
  version "13.6.0"
  resolved "https://registry.yarnpkg.com/discord.js/-/discord.js-13.6.0.tgz#d8a8a591dbf25cbcf9c783d5ddf22c4694860475"
  integrity sha512-tXNR8zgsEPxPBvGk3AQjJ9ljIIC6/LOPjzKwpwz8Y1Q2X66Vi3ZqFgRHYwnHKC0jC0F+l4LzxlhmOJsBZDNg9g==
  dependencies:
    "@discordjs/builders" "^0.11.0"
    "@discordjs/collection" "^0.4.0"
    "@sapphire/async-queue" "^1.1.9"
    "@types/node-fetch" "^2.5.12"
    "@types/ws" "^8.2.2"
    discord-api-types "^0.26.0"
    form-data "^4.0.0"
    node-fetch "^2.6.1"
    ws "^8.4.0"

dotenv@^16.0.0:
  version "16.0.0"
  resolved "https://registry.yarnpkg.com/dotenv/-/dotenv-16.0.0.tgz#c619001253be89ebb638d027b609c75c26e47411"
  integrity sha512-qD9WU0MPM4SWLPJy/r2Be+2WgQj8plChsyrCNQzW/0WjvcJQiKQJ9mH3ZgB3fxbUUxgc/11ZJ0Fi5KiimWGz2Q==

elliptic@6.5.4, elliptic@^6.5.4:
  version "6.5.4"
  resolved "https://registry.yarnpkg.com/elliptic/-/elliptic-6.5.4.tgz#da37cebd31e79a1367e941b592ed1fbebd58abbb"
  integrity sha512-iLhC6ULemrljPZb+QutR5TQGB+pdW6KGD5RSegS+8sorOZT+rdQFbsQFJgvN3eRqNALqJer4oQ16YvJHlU8hzQ==
  dependencies:
    bn.js "^4.11.9"
    brorand "^1.1.0"
    hash.js "^1.0.0"
    hmac-drbg "^1.0.1"
    inherits "^2.0.4"
    minimalistic-assert "^1.0.1"
    minimalistic-crypto-utils "^1.0.1"

ethr-did-registry@^0.0.3:
  version "0.0.3"
  resolved "https://registry.yarnpkg.com/ethr-did-registry/-/ethr-did-registry-0.0.3.tgz#f363d2c73cb9572b57bd7a5c9c90c88485feceb5"
  integrity sha512-4BPvMGkxAK9vTduCq6D5b8ZqjteD2cvDIPPriXP6nnmPhWKFSxypo+AFvyQ0omJGa0cGTR+dkdI/8jiF7U/qaw==

ethr-did-resolver@^5.0.4:
  version "5.0.4"
  resolved "https://registry.yarnpkg.com/ethr-did-resolver/-/ethr-did-resolver-5.0.4.tgz#a5c09465ee2b1cf752e49f09673bc44567bd8c59"
  integrity sha512-eccHUIS207ymuxjAjFWu7jDeKKd1Sk+GDiKL3T0IpQRXwemkh6k9V2pQah9uQ7tS8sxZ8mKT7SeWXDmM6Uf/UQ==
  dependencies:
    "@ethersproject/abi" "^5.5.0"
    "@ethersproject/abstract-signer" "^5.5.0"
    "@ethersproject/address" "^5.5.0"
    "@ethersproject/basex" "^5.5.0"
    "@ethersproject/bignumber" "^5.5.0"
    "@ethersproject/contracts" "^5.5.0"
    "@ethersproject/providers" "^5.5.0"
    "@ethersproject/transactions" "^5.5.0"
    did-resolver "^3.1.5"
    ethr-did-registry "^0.0.3"

events@^3.2.0:
  version "3.3.0"
  resolved "https://registry.yarnpkg.com/events/-/events-3.3.0.tgz#31a95ad0a924e2d2c419a813aeb2c4e878ea7400"
  integrity sha512-mQw+2fkQbALzQ7V0MY0IqdnXNOeTtP4r0lN9z7AAawCXgqea7bDii20AYrIBrFd/Hx0M2Ocz6S111CaFkUcb0Q==

form-data@^3.0.0:
  version "3.0.1"
  resolved "https://registry.yarnpkg.com/form-data/-/form-data-3.0.1.tgz#ebd53791b78356a99af9a300d4282c4d5eb9755f"
  integrity sha512-RHkBKtLWUVwd7SqRIvCZMEvAMoGUp0XU+seQiZejj0COz3RI3hWP4sCv3gZWWLjJTd7rGwcsF5eKZGii0r/hbg==
  dependencies:
    asynckit "^0.4.0"
    combined-stream "^1.0.8"
    mime-types "^2.1.12"

form-data@^4.0.0:
  version "4.0.0"
  resolved "https://registry.yarnpkg.com/form-data/-/form-data-4.0.0.tgz#93919daeaf361ee529584b9b31664dc12c9fa452"
  integrity sha512-ETEklSGi5t0QMZuiXoA/Q6vcnxcLQP5vdugSpuAyi6SVGi2clPPp+xgEhuMaHC+zGgn31Kd235W35f7Hykkaww==
  dependencies:
    asynckit "^0.4.0"
    combined-stream "^1.0.8"
    mime-types "^2.1.12"

hash.js@1.1.7, hash.js@^1.0.0, hash.js@^1.0.3:
  version "1.1.7"
  resolved "https://registry.yarnpkg.com/hash.js/-/hash.js-1.1.7.tgz#0babca538e8d4ee4a0f8988d68866537a003cf42"
  integrity sha512-taOaskGt4z4SOANNseOviYDvjEJinIkRgmp7LbKP2YTTmVxWBl87s/uzK9r+44BclBSp2X7K1hqeNfz9JbBeXA==
  dependencies:
    inherits "^2.0.3"
    minimalistic-assert "^1.0.1"

hmac-drbg@^1.0.1:
  version "1.0.1"
  resolved "https://registry.yarnpkg.com/hmac-drbg/-/hmac-drbg-1.0.1.tgz#d2745701025a6c775a6c545793ed502fc0c649a1"
  integrity sha1-0nRXAQJabHdabFRXk+1QL8DGSaE=
  dependencies:
    hash.js "^1.0.3"
    minimalistic-assert "^1.0.0"
    minimalistic-crypto-utils "^1.0.1"

inherits@^2.0.3, inherits@^2.0.4:
  version "2.0.4"
  resolved "https://registry.yarnpkg.com/inherits/-/inherits-2.0.4.tgz#0fa2c64f932917c3433a0ded55363aae37416b7c"
  integrity sha512-k/vGaX4/Yla3WzyMCvTQOXYeIHvqOKtnqBduzTHpzpQZzAskKMhZ2K+EnBiSM9zGSoIFeMpXKxa4dYeZIQqewQ==

js-sha3@0.8.0, js-sha3@^0.8.0:
  version "0.8.0"
  resolved "https://registry.yarnpkg.com/js-sha3/-/js-sha3-0.8.0.tgz#b9b7a5da73afad7dedd0f8c463954cbde6818840"
  integrity sha512-gF1cRrHhIzNfToc802P800N8PpXS+evLLXfsVpowqmAFR9uwbi89WvXg2QspOmXL8QL86J4T1EpFu+yUkwJY3Q==

lodash.get@^4.4.2:
  version "4.4.2"
  resolved "https://registry.yarnpkg.com/lodash.get/-/lodash.get-4.4.2.tgz#2d177f652fa31e939b4438d5341499dfa3825e99"
  integrity sha1-LRd/ZS+jHpObRDjVNBSZ36OCXpk=

lodash.isequal@^4.5.0:
  version "4.5.0"
  resolved "https://registry.yarnpkg.com/lodash.isequal/-/lodash.isequal-4.5.0.tgz#415c4478f2bcc30120c22ce10ed3226f7d3e18e0"
  integrity sha1-QVxEePK8wwEgwizhDtMib30+GOA=

make-error@^1.1.1:
  version "1.3.6"
  resolved "https://registry.yarnpkg.com/make-error/-/make-error-1.3.6.tgz#2eb2e37ea9b67c4891f684a1394799af484cf7a2"
  integrity sha512-s8UhlNe7vPKomQhC1qFelMokr/Sc3AgNbso3n74mVPA5LTZwkB9NlXf4XPamLxJE8h0gh73rM94xvwRT2CVInw==

mime-db@1.51.0:
  version "1.51.0"
  resolved "https://registry.yarnpkg.com/mime-db/-/mime-db-1.51.0.tgz#d9ff62451859b18342d960850dc3cfb77e63fb0c"
  integrity sha512-5y8A56jg7XVQx2mbv1lu49NR4dokRnhZYTtL+KGfaa27uq4pSTXkwQkFJl4pkRMyNFz/EtYDSkiiEHx3F7UN6g==

mime-types@^2.1.12:
  version "2.1.34"
  resolved "https://registry.yarnpkg.com/mime-types/-/mime-types-2.1.34.tgz#5a712f9ec1503511a945803640fafe09d3793c24"
  integrity sha512-6cP692WwGIs9XXdOO4++N+7qjqv0rqxxVvJ3VHPh/Sc9mVZcQP+ZGhkKiTvWMQRr2tbHkJP/Yn7Y0npb3ZBs4A==
  dependencies:
    mime-db "1.51.0"

minimalistic-assert@^1.0.0, minimalistic-assert@^1.0.1:
  version "1.0.1"
  resolved "https://registry.yarnpkg.com/minimalistic-assert/-/minimalistic-assert-1.0.1.tgz#2e194de044626d4a10e7f7fbc00ce73e83e4d5c7"
  integrity sha512-UtJcAD4yEaGtjPezWuO9wC4nwUnVH/8/Im3yEHQP4b67cXlD/Qr9hdITCU1xDbSEXg2XKNaP8jsReV7vQd00/A==

minimalistic-crypto-utils@^1.0.1:
  version "1.0.1"
  resolved "https://registry.yarnpkg.com/minimalistic-crypto-utils/-/minimalistic-crypto-utils-1.0.1.tgz#f6c00c1c0b082246e5c4d99dfb8c7c083b2b582a"
  integrity sha1-9sAMHAsIIkblxNmd+4x8CDsrWCo=

ms@2.1.2:
  version "2.1.2"
  resolved "https://registry.yarnpkg.com/ms/-/ms-2.1.2.tgz#d09d1f357b443f493382a8eb3ccd183872ae6009"
  integrity sha512-sGkPx+VjMtmA6MX27oA4FBFELFCZZ4S4XqeGOXCv68tT+jb3vk/RyaKWP0PTKyWtmLSM0b+adUTEvbs1PEaH2w==

multiformats@^9.4.10, multiformats@^9.4.2:
  version "9.6.2"
  resolved "https://registry.yarnpkg.com/multiformats/-/multiformats-9.6.2.tgz#3dd8f696171a367fa826b7c432851da850eb115e"
  integrity sha512-1dKng7RkBelbEZQQD2zvdzYKgUmtggpWl+GXQBYhnEGGkV6VIYfWgV3VSeyhcUFFEelI5q4D0etCJZ7fbuiamQ==

node-fetch@2.6.7, node-fetch@^2.6.1:
  version "2.6.7"
  resolved "https://registry.yarnpkg.com/node-fetch/-/node-fetch-2.6.7.tgz#24de9fba827e3b4ae44dc8b20256a379160052ad"
  integrity sha512-ZjMPFEfVx5j+y2yF35Kzx5sF7kDzxuDj6ziH4FFbOp87zKDZNx8yExJIb05OGF4Nlt9IHFIMBkRl41VdvcNdbQ==
  dependencies:
    whatwg-url "^5.0.0"

querystringify@^2.1.1:
  version "2.2.0"
  resolved "https://registry.yarnpkg.com/querystringify/-/querystringify-2.2.0.tgz#3345941b4153cb9d082d8eee4cda2016a9aef7f6"
  integrity sha512-FIqgj2EUvTa7R50u0rGsyTftzjYmv/a3hO345bZNrqabNqjtgiDMgmo4mkUjd+nzU5oF3dClKqFIPUKybUyqoQ==

requires-port@^1.0.0:
  version "1.0.0"
  resolved "https://registry.yarnpkg.com/requires-port/-/requires-port-1.0.0.tgz#925d2601d39ac485e091cf0da5c6e694dc3dcaff"
  integrity sha1-kl0mAdOaxIXgkc8NpcbmlNw9yv8=

tr46@~0.0.3:
  version "0.0.3"
  resolved "https://registry.yarnpkg.com/tr46/-/tr46-0.0.3.tgz#8184fd347dac9cdc185992f3a6622e14b9d9ab6a"
  integrity sha1-gYT9NH2snNwYWZLzpmIuFLnZq2o=

ts-mixer@^6.0.0:
  version "6.0.0"
  resolved "https://registry.yarnpkg.com/ts-mixer/-/ts-mixer-6.0.0.tgz#4e631d3a36e3fa9521b973b132e8353bc7267f9f"
  integrity sha512-nXIb1fvdY5CBSrDIblLn73NW0qRDk5yJ0Sk1qPBF560OdJfQp9jhl+0tzcY09OZ9U+6GpeoI9RjwoIKFIoB9MQ==

ts-node@^10.4.0:
  version "10.4.0"
  resolved "https://registry.yarnpkg.com/ts-node/-/ts-node-10.4.0.tgz#680f88945885f4e6cf450e7f0d6223dd404895f7"
  integrity sha512-g0FlPvvCXSIO1JDF6S232P5jPYqBkRL9qly81ZgAOSU7rwI0stphCgd2kLiCrU9DjQCrJMWEqcNSjQL02s6d8A==
  dependencies:
    "@cspotcode/source-map-support" "0.7.0"
    "@tsconfig/node10" "^1.0.7"
    "@tsconfig/node12" "^1.0.7"
    "@tsconfig/node14" "^1.0.0"
    "@tsconfig/node16" "^1.0.2"
    acorn "^8.4.1"
    acorn-walk "^8.1.1"
    arg "^4.1.0"
    create-require "^1.1.0"
    diff "^4.0.1"
    make-error "^1.1.1"
    yn "3.1.1"

tslib@^2.3.1:
  version "2.3.1"
  resolved "https://registry.yarnpkg.com/tslib/-/tslib-2.3.1.tgz#e8a335add5ceae51aa261d32a490158ef042ef01"
  integrity sha512-77EbyPPpMz+FRFRuAFlWMtmgUWGe9UOG2Z25NqCwiIjRhOf5iKGuzSe5P2w1laq+FkRy4p+PCuVkJSGkzTEKVw==

typescript@^4.5.5:
  version "4.5.5"
  resolved "https://registry.yarnpkg.com/typescript/-/typescript-4.5.5.tgz#d8c953832d28924a9e3d37c73d729c846c5896f3"
  integrity sha512-TCTIul70LyWe6IJWT8QSYeA54WQe8EjQFU4wY52Fasj5UKx88LNYKCgBEHcOMOrFF1rKGbD8v/xcNWVUq9SymA==

uint8arrays@^3.0.0:
  version "3.0.0"
  resolved "https://registry.yarnpkg.com/uint8arrays/-/uint8arrays-3.0.0.tgz#260869efb8422418b6f04e3fac73a3908175c63b"
  integrity sha512-HRCx0q6O9Bfbp+HHSfQQKD7wU70+lydKVt4EghkdOvlK/NlrF90z+eXV34mUd48rNvVJXwkrMSPpCATkct8fJA==
  dependencies:
    multiformats "^9.4.2"

url-parse@^1.5.1:
  version "1.5.4"
  resolved "https://registry.yarnpkg.com/url-parse/-/url-parse-1.5.4.tgz#e4f645a7e2a0852cc8a66b14b292a3e9a11a97fd"
  integrity sha512-ITeAByWWoqutFClc/lRZnFplgXgEZr3WJ6XngMM/N9DMIm4K8zXPCZ1Jdu0rERwO84w1WC5wkle2ubwTA4NTBg==
  dependencies:
    querystringify "^2.1.1"
    requires-port "^1.0.0"

validator@^13.7.0:
  version "13.7.0"
  resolved "https://registry.yarnpkg.com/validator/-/validator-13.7.0.tgz#4f9658ba13ba8f3d82ee881d3516489ea85c0857"
  integrity sha512-nYXQLCBkpJ8X6ltALua9dRrZDHVYxjJ1wgskNt1lH9fzGjs3tgojGSCBjmEPwkWS1y29+DrizMTW19Pr9uB2nw==

web-did-resolver@^2.0.12:
  version "2.0.12"
  resolved "https://registry.yarnpkg.com/web-did-resolver/-/web-did-resolver-2.0.12.tgz#3413b988c2ab9d52378be7aa22ef457d70c48e21"
  integrity sha512-bidL5bPn8CYFM33sfh465iLcgTbkNpfAlmpWkSC69D24fXnAY36tbMfhnehqIut+VCKZqIqeeZZl5ACanF5/+A==
  dependencies:
    cross-fetch "^3.1.2"
    did-resolver "^3.1.5"

webidl-conversions@^3.0.0:
  version "3.0.1"
  resolved "https://registry.yarnpkg.com/webidl-conversions/-/webidl-conversions-3.0.1.tgz#24534275e2a7bc6be7bc86611cc16ae0a5654871"
  integrity sha1-JFNCdeKnvGvnvIZhHMFq4KVlSHE=

whatwg-url@^5.0.0:
  version "5.0.0"
  resolved "https://registry.yarnpkg.com/whatwg-url/-/whatwg-url-5.0.0.tgz#966454e8765462e37644d3626f6742ce8b70965d"
  integrity sha1-lmRU6HZUYuN2RNNib2dCzotwll0=
  dependencies:
    tr46 "~0.0.3"
    webidl-conversions "^3.0.0"

ws@7.4.6:
  version "7.4.6"
  resolved "https://registry.yarnpkg.com/ws/-/ws-7.4.6.tgz#5654ca8ecdeee47c33a9a4bf6d28e2be2980377c"
  integrity sha512-YmhHDO4MzaDLB+M9ym/mDA5z0naX8j7SIlT8f8z+I0VtzsRbekxEutHSme7NPS2qE8StCYQNUnfWdXta/Yu85A==

ws@^8.4.0:
  version "8.4.2"
  resolved "https://registry.yarnpkg.com/ws/-/ws-8.4.2.tgz#18e749868d8439f2268368829042894b6907aa0b"
  integrity sha512-Kbk4Nxyq7/ZWqr/tarI9yIt/+iNNFOjBXEWgTb4ydaNHBNGgvf2QHbS9fdfsndfjFlFwEd4Al+mw83YkaD10ZA==

yn@3.1.1:
  version "3.1.1"
  resolved "https://registry.yarnpkg.com/yn/-/yn-3.1.1.tgz#1e87401a09d767c1d5eab26a6e4c185182d2eb50"
  integrity sha512-Ux4ygGWsu2c7isFWe8Yu1YluJmqVhxqK2cLXNQA5AcC3QfbGNpM7fu0Y8b/z16pXLnFxZYvWhd3fhBY9DLmC6Q==

z-schema@^5.0.0:
  version "5.0.2"
  resolved "https://registry.yarnpkg.com/z-schema/-/z-schema-5.0.2.tgz#f410394b2c9fcb9edaf6a7511491c0bb4e89a504"
  integrity sha512-40TH47ukMHq5HrzkeVE40Ad7eIDKaRV2b+Qpi2prLc9X9eFJFzV7tMe5aH12e6avaSS/u5l653EQOv+J9PirPw==
  dependencies:
    lodash.get "^4.4.2"
    lodash.isequal "^4.5.0"
    validator "^13.7.0"
  optionalDependencies:
    commander "^2.7.1"

zod@^3.11.6:
  version "3.11.6"
  resolved "https://registry.yarnpkg.com/zod/-/zod-3.11.6.tgz#e43a5e0c213ae2e02aefe7cb2b1a6fa3d7f1f483"
  integrity sha512-daZ80A81I3/9lIydI44motWe6n59kRBfNzTuS2bfzVh1nAXi667TOTWWtatxyG+fwgNUiagSj/CWZwRRbevJIg==
